
Microsoft Visual Studio Solution File, Format Version 12.00
# Visual Studio Version 16
VisualStudioVersion = 16.0.29020.237
MinimumVisualStudioVersion = 10.0.40219.1
Project("{9A19103F-16F7-4668-BE54-9A1E7A4F7556}") = "WebApp", "WebApp\WebApp.csproj", "{90F23F1B-C462-4F07-BB3B-DA23233B8999}"
EndProject
Project("{9A19103F-16F7-4668-BE54-9A1E7A4F7556}") = "Core", "Entities\Core.csproj", "{DDE47083-05A9-4544-9A7A-8BB6C99D026E}"
EndProject
Project("{9A19103F-16F7-4668-BE54-9A1E7A4F7556}") = "Business", "Business\Business.csproj", "{0477BF78-5C3D-46C0-9462-62F632BF8E3A}"
EndProject
Project("{FAE04EC0-301F-11D3-BF4B-00C04F79EFBC}") = "XUnitTests", "XUnitTests\XUnitTests.csproj", "{078E12BE-1C80-4984-90D4-11770887410B}"
EndProject
Global
	GlobalSection(SolutionConfigurationPlatforms) = preSolution
		Debug|Any CPU = Debug|Any CPU
		Release|Any CPU = Release|Any CPU
	EndGlobalSection
	GlobalSection(ProjectConfigurationPlatforms) = postSolution
		{90F23F1B-C462-4F07-BB3B-DA23233B8999}.Debug|Any CPU.ActiveCfg = Debug|Any CPU
		{90F23F1B-C462-4F07-BB3B-DA23233B8999}.Debug|Any CPU.Build.0 = Debug|Any CPU
		{90F23F1B-C462-4F07-BB3B-DA23233B8999}.Release|Any CPU.ActiveCfg = Release|Any CPU
		{90F23F1B-C462-4F07-BB3B-DA23233B8999}.Release|Any CPU.Build.0 = Release|Any CPU
		{DDE47083-05A9-4544-9A7A-8BB6C99D026E}.Debug|Any CPU.ActiveCfg = Debug|Any CPU
		{DDE47083-05A9-4544-9A7A-8BB6C99D026E}.Debug|Any CPU.Build.0 = Debug|Any CPU
		{DDE47083-05A9-4544-9A7A-8BB6C99D026E}.Release|Any CPU.ActiveCfg = Release|Any CPU
		{DDE47083-05A9-4544-9A7A-8BB6C99D026E}.Release|Any CPU.Build.0 = Release|Any CPU
		{0477BF78-5C3D-46C0-9462-62F632BF8E3A}.Debug|Any CPU.ActiveCfg = Debug|Any CPU
		{0477BF78-5C3D-46C0-9462-62F632BF8E3A}.Debug|Any CPU.Build.0 = Debug|Any CPU
		{0477BF78-5C3D-46C0-9462-62F632BF8E3A}.Release|Any CPU.ActiveCfg = Release|Any CPU
		{0477BF78-5C3D-46C0-9462-62F632BF8E3A}.Release|Any CPU.Build.0 = Release|Any CPU
		{078E12BE-1C80-4984-90D4-11770887410B}.Debug|Any CPU.ActiveCfg = Debug|Any CPU
		{078E12BE-1C80-4984-90D4-11770887410B}.Debug|Any CPU.Build.0 = Debug|Any CPU
		{078E12BE-1C80-4984-90D4-11770887410B}.Release|Any CPU.ActiveCfg = Release|Any CPU
		{078E12BE-1C80-4984-90D4-11770887410B}.Release|Any CPU.Build.0 = Release|Any CPU
	EndGlobalSection
	GlobalSection(SolutionProperties) = preSolution
		HideSolutionNode = FALSE
	EndGlobalSection
	GlobalSection(ExtensibilityGlobals) = postSolution
		SolutionGuid = {51B8350D-60A1-4430-A75B-078B20E49CDE}
	EndGlobalSection
EndGlobal
